
Microsoft Visual Studio Solution File, Format Version 12.00
# Visual Studio Version 17
VisualStudioVersion = 17.14.36915.13 d17.14
MinimumVisualStudioVersion = 10.0.40219.1
Project("{FAE04EC0-301F-11D3-BF4B-00C04F79EFBC}") = "Exercicios", "Exercicios.csproj", "{49DD8F1E-9A18-44C9-A564-AF0AB0E6E9C9}"
EndProject
Global
	GlobalSection(SolutionConfigurationPlatforms) = preSolution
		Debug|Any CPU = Debug|Any CPU
		Release|Any CPU = Release|Any CPU
	EndGlobalSection
	GlobalSection(ProjectConfigurationPlatforms) = postSolution
		{49DD8F1E-9A18-44C9-A564-AF0AB0E6E9C9}.Debug|Any CPU.ActiveCfg = Debug|Any CPU
		{49DD8F1E-9A18-44C9-A564-AF0AB0E6E9C9}.Debug|Any CPU.Build.0 = Debug|Any CPU
		{49DD8F1E-9A18-44C9-A564-AF0AB0E6E9C9}.Release|Any CPU.ActiveCfg = Release|Any CPU
		{49DD8F1E-9A18-44C9-A564-AF0AB0E6E9C9}.Release|Any CPU.Build.0 = Release|Any CPU
	EndGlobalSection
	GlobalSection(SolutionProperties) = preSolution
		HideSolutionNode = FALSE
	EndGlobalSection
	GlobalSection(ExtensibilityGlobals) = postSolution
		SolutionGuid = {0D2B9949-646B-43FE-B4E2-B1E937CFE2F6}
	EndGlobalSection
EndGlobal
